# THIS IS AN AUTOGENERATED FILE. DO NOT EDIT THIS FILE DIRECTLY.
# yarn lockfile v1


"@geoapify/react-geocoder-autocomplete@^1.4.0":
  version "1.4.0"
  resolved "https://registry.yarnpkg.com/@geoapify/react-geocoder-autocomplete/-/react-geocoder-autocomplete-1.4.0.tgz#1f749f16eb7d4b6724dad55bcbafe48a7b45a821"
  integrity sha512-W43N8ZxMOi1meiKGkBWEzkreISCPb0+XpniKksWDgfqniGRSqiTn2cszVdKR6AqptVgj3QZKsBTtbLz2yFo+UA==
